# Minimal OpenAlice PAPER_LOCAL sidecar runtime.  This is a wheel-only,
# hash-required installation input, not an assertion that any package is installed.
--only-binary=:all:
--require-hashes

cffi==2.1.1 \
    --hash=sha256:19ee6127ee34de7d83ce3d371ebc5ed91addbdcc39f9ab15ce4eb35a4e534971
cryptography==49.0.0 \
    --hash=sha256:966fe0e9c67490071f14c0d2b1cb2dfb3023c5ce39457343931415f08382f2db
grpcio==1.82.1 \
    --hash=sha256:3dde70abfc80b3be11de53ba0d601c439e7fb2afd3583ad1788d1146bec92fdc
protobuf==7.35.1 \
    --hash=sha256:24f857477359a85c0c235261b8ba905fd51b2562f4a64ca1df5473f29850cbf6
pycparser==3.0 \
    --hash=sha256:b727414169a36b7d524c1c3e31839a521725078d7b2ff038656844266160a992
typing-extensions==4.16.0 \
    --hash=sha256:481caa481374e813c1b176ada14e97f1f67a4539ce9cfeb3f350d78d6370c2e8
